
Microsoft Visual Studio Solution File, Format Version 12.00
# Visual Studio Version 16
VisualStudioVersion = 25.0.1705.0
MinimumVisualStudioVersion = 10.0.40219.1
Project("{FAE04EC0-301F-11D3-BF4B-00C04F79EFBC}") = "LoginApp.Android", "LoginApp\LoginApp.Android\LoginApp.Android.csproj", "{3A9800E1-BBF9-4D29-B127-64C7FD4C0337}"
EndProject
Project("{FAE04EC0-301F-11D3-BF4B-00C04F79EFBC}") = "LoginApp.iOS", "LoginApp\LoginApp.iOS\LoginApp.iOS.csproj", "{E62E4AEE-3A6A-412E-B8E7-3692ACA6099E}"
EndProject
Project("{FAE04EC0-301F-11D3-BF4B-00C04F79EFBC}") = "LoginApp", "LoginApp\LoginApp\LoginApp.csproj", "{080CCD94-C951-4298-A363-0CF285680DF7}"
EndProject
Global
	GlobalSection(SolutionConfigurationPlatforms) = preSolution
		Debug|Any CPU = Debug|Any CPU
		Release|Any CPU = Release|Any CPU
		Debug|iPhoneSimulator = Debug|iPhoneSimulator
		Release|iPhoneSimulator = Release|iPhoneSimulator
		Debug|iPhone = Debug|iPhone
		Release|iPhone = Release|iPhone
	EndGlobalSection
	GlobalSection(ProjectConfigurationPlatforms) = postSolution
		{3A9800E1-BBF9-4D29-B127-64C7FD4C0337}.Debug|Any CPU.ActiveCfg = Debug|Any CPU
		{3A9800E1-BBF9-4D29-B127-64C7FD4C0337}.Debug|Any CPU.Build.0 = Debug|Any CPU
		{3A9800E1-BBF9-4D29-B127-64C7FD4C0337}.Release|Any CPU.ActiveCfg = Release|Any CPU
		{3A9800E1-BBF9-4D29-B127-64C7FD4C0337}.Release|Any CPU.Build.0 = Release|Any CPU
		{3A9800E1-BBF9-4D29-B127-64C7FD4C0337}.Debug|iPhoneSimulator.ActiveCfg = Debug|Any CPU
		{3A9800E1-BBF9-4D29-B127-64C7FD4C0337}.Debug|iPhoneSimulator.Build.0 = Debug|Any CPU
		{3A9800E1-BBF9-4D29-B127-64C7FD4C0337}.Release|iPhoneSimulator.ActiveCfg = Release|Any CPU
		{3A9800E1-BBF9-4D29-B127-64C7FD4C0337}.Release|iPhoneSimulator.Build.0 = Release|Any CPU
		{3A9800E1-BBF9-4D29-B127-64C7FD4C0337}.Debug|iPhone.ActiveCfg = Debug|Any CPU
		{3A9800E1-BBF9-4D29-B127-64C7FD4C0337}.Debug|iPhone.Build.0 = Debug|Any CPU
		{3A9800E1-BBF9-4D29-B127-64C7FD4C0337}.Release|iPhone.ActiveCfg = Release|Any CPU
		{3A9800E1-BBF9-4D29-B127-64C7FD4C0337}.Release|iPhone.Build.0 = Release|Any CPU
		{E62E4AEE-3A6A-412E-B8E7-3692ACA6099E}.Debug|Any CPU.ActiveCfg = Debug|iPhoneSimulator
		{E62E4AEE-3A6A-412E-B8E7-3692ACA6099E}.Debug|Any CPU.Build.0 = Debug|iPhoneSimulator
		{E62E4AEE-3A6A-412E-B8E7-3692ACA6099E}.Release|Any CPU.ActiveCfg = Release|iPhoneSimulator
		{E62E4AEE-3A6A-412E-B8E7-3692ACA6099E}.Release|Any CPU.Build.0 = Release|iPhoneSimulator
		{E62E4AEE-3A6A-412E-B8E7-3692ACA6099E}.Debug|iPhoneSimulator.ActiveCfg = Debug|iPhoneSimulator
		{E62E4AEE-3A6A-412E-B8E7-3692ACA6099E}.Debug|iPhoneSimulator.Build.0 = Debug|iPhoneSimulator
		{E62E4AEE-3A6A-412E-B8E7-3692ACA6099E}.Release|iPhoneSimulator.ActiveCfg = Release|iPhoneSimulator
		{E62E4AEE-3A6A-412E-B8E7-3692ACA6099E}.Release|iPhoneSimulator.Build.0 = Release|iPhoneSimulator
		{E62E4AEE-3A6A-412E-B8E7-3692ACA6099E}.Debug|iPhone.ActiveCfg = Debug|iPhone
		{E62E4AEE-3A6A-412E-B8E7-3692ACA6099E}.Debug|iPhone.Build.0 = Debug|iPhone
		{E62E4AEE-3A6A-412E-B8E7-3692ACA6099E}.Release|iPhone.ActiveCfg = Release|iPhone
		{E62E4AEE-3A6A-412E-B8E7-3692ACA6099E}.Release|iPhone.Build.0 = Release|iPhone
		{080CCD94-C951-4298-A363-0CF285680DF7}.Debug|Any CPU.ActiveCfg = Debug|Any CPU
		{080CCD94-C951-4298-A363-0CF285680DF7}.Debug|Any CPU.Build.0 = Debug|Any CPU
		{080CCD94-C951-4298-A363-0CF285680DF7}.Release|Any CPU.ActiveCfg = Release|Any CPU
		{080CCD94-C951-4298-A363-0CF285680DF7}.Release|Any CPU.Build.0 = Release|Any CPU
		{080CCD94-C951-4298-A363-0CF285680DF7}.Debug|iPhoneSimulator.ActiveCfg = Debug|Any CPU
		{080CCD94-C951-4298-A363-0CF285680DF7}.Debug|iPhoneSimulator.Build.0 = Debug|Any CPU
		{080CCD94-C951-4298-A363-0CF285680DF7}.Release|iPhoneSimulator.ActiveCfg = Release|Any CPU
		{080CCD94-C951-4298-A363-0CF285680DF7}.Release|iPhoneSimulator.Build.0 = Release|Any CPU
		{080CCD94-C951-4298-A363-0CF285680DF7}.Debug|iPhone.ActiveCfg = Debug|Any CPU
		{080CCD94-C951-4298-A363-0CF285680DF7}.Debug|iPhone.Build.0 = Debug|Any CPU
		{080CCD94-C951-4298-A363-0CF285680DF7}.Release|iPhone.ActiveCfg = Release|Any CPU
		{080CCD94-C951-4298-A363-0CF285680DF7}.Release|iPhone.Build.0 = Release|Any CPU
	EndGlobalSection
	GlobalSection(SolutionProperties) = preSolution
		HideSolutionNode = FALSE
	EndGlobalSection
	GlobalSection(ExtensibilityGlobals) = postSolution
		SolutionGuid = {A85C2B6E-D6EA-4A86-AA43-CB0CE6D440BF}
	EndGlobalSection
EndGlobal
